# THIS IS AN AUTOGENERATED FILE. DO NOT EDIT THIS FILE DIRECTLY.
# yarn lockfile v1


"@alloc/quick-lru@^5.2.0":
  version "5.2.0"
  resolved "http://r.npm.sankuai.com/@alloc/quick-lru/download/@alloc/quick-lru-5.2.0.tgz"
  integrity sha1-e/aLIMCjUPk2kV/K4G9Y4yAHzjA=

"@floating-ui/core@^1.7.3":
  version "1.7.3"
  resolved "http://r.npm.sankuai.com/@floating-ui/core/download/@floating-ui/core-1.7.3.tgz"
  integrity sha1-Ri1yLwAeI+Rthv0r0NIbdpPMuLc=
  dependencies:
    "@floating-ui/utils" "^0.2.10"

"@floating-ui/dom@^1.7.4":
  version "1.7.4"
  resolved "http://r.npm.sankuai.com/@floating-ui/dom/download/@floating-ui/dom-1.7.4.tgz"
  integrity sha1-7mZ1SZmHRcnD4+hGg7kJwx1smnc=
  dependencies:
    "@floating-ui/core" "^1.7.3"
    "@floating-ui/utils" "^0.2.10"

"@floating-ui/react-dom@^2.0.0":
  version "2.1.6"
  resolved "http://r.npm.sankuai.com/@floating-ui/react-dom/download/@floating-ui/react-dom-2.1.6.tgz"
  integrity sha1-GJ9oEEPBQAVh9ily9GG5PwG/IjE=
  dependencies:
    "@floating-ui/dom" "^1.7.4"

"@floating-ui/utils@^0.2.10":
  version "0.2.10"
  resolved "http://r.npm.sankuai.com/@floating-ui/utils/download/@floating-ui/utils-0.2.10.tgz"
  integrity sha1-oqHjgS0UUl9yXQEac+zrQf71vBw=

"@img/sharp-darwin-arm64@0.34.3":
  version "0.34.3"
  resolved "http://r.npm.sankuai.com/@img/sharp-darwin-arm64/download/@img/sharp-darwin-arm64-0.34.3.tgz"
  integrity sha1-SFDIrOPB3BNgf6B9Qzd7H5qndNo=
  optionalDependencies:
    "@img/sharp-libvips-darwin-arm64" "1.2.0"

"@img/sharp-libvips-darwin-arm64@1.2.0":
  version "1.2.0"
  resolved "http://r.npm.sankuai.com/@img/sharp-libvips-darwin-arm64/download/@img/sharp-libvips-darwin-arm64-1.2.0.tgz"
  integrity sha1-4g6QQQMazeHeGdoSHcUWLH0s8lE=

"@isaacs/cliui@^8.0.2":
  version "8.0.2"
  resolved "http://r.npm.sankuai.com/@isaacs/cliui/download/@isaacs/cliui-8.0.2.tgz"
  integrity sha1-s3Znt7wYHBaHgiWbq0JHT79StVA=
  dependencies:
    string-width "^5.1.2"
    string-width-cjs "npm:string-width@^4.2.0"
    strip-ansi "^7.0.1"
    strip-ansi-cjs "npm:strip-ansi@^6.0.1"
    wrap-ansi "^8.1.0"
    wrap-ansi-cjs "npm:wrap-ansi@^7.0.0"

"@jridgewell/gen-mapping@^0.3.2":
  version "0.3.13"
  resolved "http://r.npm.sankuai.com/@jridgewell/gen-mapping/download/@jridgewell/gen-mapping-0.3.13.tgz"
  integrity sha1-Y0Khn0Q0dRjJPkOxrGnes8Rlah8=
  dependencies:
    "@jridgewell/sourcemap-codec" "^1.5.0"
    "@jridgewell/trace-mapping" "^0.3.24"

"@jridgewell/resolve-uri@^3.1.0":
  version "3.1.2"
  resolved "http://r.npm.sankuai.com/@jridgewell/resolve-uri/download/@jridgewell/resolve-uri-3.1.2.tgz"
  integrity sha1-eg7mAfYPmaIMfHxf8MgDiMEYm9Y=

"@jridgewell/sourcemap-codec@^1.4.14", "@jridgewell/sourcemap-codec@^1.5.0":
  version "1.5.5"
  resolved "http://r.npm.sankuai.com/@jridgewell/sourcemap-codec/download/@jridgewell/sourcemap-codec-1.5.5.tgz"
  integrity sha1-aRKwDSxjHA0Vzhp6tXzWV/Ko+Lo=

"@jridgewell/trace-mapping@^0.3.24":
  version "0.3.30"
  resolved "http://r.npm.sankuai.com/@jridgewell/trace-mapping/download/@jridgewell/trace-mapping-0.3.30.tgz"
  integrity sha1-SnbE2u7l3wn105QOCHRC+zbOK5k=
  dependencies:
    "@jridgewell/resolve-uri" "^3.1.0"
    "@jridgewell/sourcemap-codec" "^1.4.14"

"@next/env@15.3.3":
  version "15.3.3"
  resolved "http://r.npm.sankuai.com/@next/env/download/@next/env-15.3.3.tgz"
  integrity sha1-jFVIdW35Pv/xv0u06eQwp2OXgVU=

"@next/swc-darwin-arm64@15.3.3":
  version "15.3.3"
  resolved "http://r.npm.sankuai.com/@next/swc-darwin-arm64/download/@next/swc-darwin-arm64-15.3.3.tgz"
  integrity sha1-mU3oUVzft00ze9rWRcM2Bd5Exos=

"@nodelib/fs.scandir@2.1.5":
  version "2.1.5"
  resolved "http://r.npm.sankuai.com/@nodelib/fs.scandir/download/@nodelib/fs.scandir-2.1.5.tgz"
  integrity sha1-dhnC6yGyVIP20WdUi0z9WnSIw9U=
  dependencies:
    "@nodelib/fs.stat" "2.0.5"
    run-parallel "^1.1.9"

"@nodelib/fs.stat@^2.0.2", "@nodelib/fs.stat@2.0.5":
  version "2.0.5"
  resolved "http://r.npm.sankuai.com/@nodelib/fs.stat/download/@nodelib/fs.stat-2.0.5.tgz"
  integrity sha1-W9Jir5Tp0lvR5xsF3u1Eh2oiLos=

"@nodelib/fs.walk@^1.2.3":
  version "1.2.8"
  resolved "http://r.npm.sankuai.com/@nodelib/fs.walk/download/@nodelib/fs.walk-1.2.8.tgz"
  integrity sha1-6Vc36LtnRt3t9pxVaVNJTxlv5po=
  dependencies:
    "@nodelib/fs.scandir" "2.1.5"
    fastq "^1.6.0"

"@pkgjs/parseargs@^0.11.0":
  version "0.11.0"
  resolved "http://r.npm.sankuai.com/@pkgjs/parseargs/download/@pkgjs/parseargs-0.11.0.tgz"
  integrity sha1-p36nQvqyV3UUVDTrHSMoz1ATrDM=

"@radix-ui/primitive@1.1.3":
  version "1.1.3"
  resolved "http://r.npm.sankuai.com/@radix-ui/primitive/download/@radix-ui/primitive-1.1.3.tgz"
  integrity sha1-4tvBO9xeQWj0M091gy173T4t5bo=

"@radix-ui/react-arrow@1.1.7":
  version "1.1.7"
  resolved "http://r.npm.sankuai.com/@radix-ui/react-arrow/download/@radix-ui/react-arrow-1.1.7.tgz"
  integrity sha1-4UomV8gdlhWYxecrc91gmKzATwk=
  dependencies:
    "@radix-ui/react-primitive" "2.1.3"

"@radix-ui/react-compose-refs@1.1.2":
  version "1.1.2"
  resolved "http://r.npm.sankuai.com/@radix-ui/react-compose-refs/download/@radix-ui/react-compose-refs-1.1.2.tgz"
  integrity sha1-osTEevYzcEjueP9twNCQs5DSuzA=

"@radix-ui/react-context@1.1.2":
  version "1.1.2"
  resolved "http://r.npm.sankuai.com/@radix-ui/react-context/download/@radix-ui/react-context-1.1.2.tgz"
  integrity sha1-YWKO8mmkMzgsNk9vHjeIptwhOjY=

"@radix-ui/react-dismissable-layer@1.1.11":
  version "1.1.11"
  resolved "http://r.npm.sankuai.com/@radix-ui/react-dismissable-layer/download/@radix-ui/react-dismissable-layer-1.1.11.tgz"
  integrity sha1-4zq29r2qAPj3MnxAjZ9jE3a4izc=
  dependencies:
    "@radix-ui/primitive" "1.1.3"
    "@radix-ui/react-compose-refs" "1.1.2"
    "@radix-ui/react-primitive" "2.1.3"
    "@radix-ui/react-use-callback-ref" "1.1.1"
    "@radix-ui/react-use-escape-keydown" "1.1.1"

"@radix-ui/react-id@1.1.1":
  version "1.1.1"
  resolved "http://r.npm.sankuai.com/@radix-ui/react-id/download/@radix-ui/react-id-1.1.1.tgz"
  integrity sha1-FAQALnmgP+Bit+OGSqAeJL0Ucfc=
  dependencies:
    "@radix-ui/react-use-layout-effect" "1.1.1"

"@radix-ui/react-popper@1.2.8":
  version "1.2.8"
  resolved "http://r.npm.sankuai.com/@radix-ui/react-popper/download/@radix-ui/react-popper-1.2.8.tgz"
  integrity sha1-p585zdKwmrn7UL+VJQkYQixNlgI=
  dependencies:
    "@floating-ui/react-dom" "^2.0.0"
    "@radix-ui/react-arrow" "1.1.7"
    "@radix-ui/react-compose-refs" "1.1.2"
    "@radix-ui/react-context" "1.1.2"
    "@radix-ui/react-primitive" "2.1.3"
    "@radix-ui/react-use-callback-ref" "1.1.1"
    "@radix-ui/react-use-layout-effect" "1.1.1"
    "@radix-ui/react-use-rect" "1.1.1"
    "@radix-ui/react-use-size" "1.1.1"
    "@radix-ui/rect" "1.1.1"

"@radix-ui/react-portal@1.1.9":
  version "1.1.9"
  resolved "http://r.npm.sankuai.com/@radix-ui/react-portal/download/@radix-ui/react-portal-1.1.9.tgz"
  integrity sha1-FMNkn+SOxHSsUe2fK59dpNkcRHI=
  dependencies:
    "@radix-ui/react-primitive" "2.1.3"
    "@radix-ui/react-use-layout-effect" "1.1.1"

"@radix-ui/react-presence@1.1.5":
  version "1.1.5"
  resolved "http://r.npm.sankuai.com/@radix-ui/react-presence/download/@radix-ui/react-presence-1.1.5.tgz"
  integrity sha1-XY8orDFsMvB4r84ploOSUMEGk9s=
  dependencies:
    "@radix-ui/react-compose-refs" "1.1.2"
    "@radix-ui/react-use-layout-effect" "1.1.1"

"@radix-ui/react-primitive@2.1.3":
  version "2.1.3"
  resolved "http://r.npm.sankuai.com/@radix-ui/react-primitive/download/@radix-ui/react-primitive-2.1.3.tgz"
  integrity sha1-25uLz/SeAb5RCteYk/sOTNpQ8bw=
  dependencies:
    "@radix-ui/react-slot" "1.2.3"

"@radix-ui/react-slot@1.2.3":
  version "1.2.3"
  resolved "http://r.npm.sankuai.com/@radix-ui/react-slot/download/@radix-ui/react-slot-1.2.3.tgz"
  integrity sha1-UC1uNU/IR9QWnDvF8Yned39oz+E=
  dependencies:
    "@radix-ui/react-compose-refs" "1.1.2"

"@radix-ui/react-tooltip@1.2.8":
  version "1.2.8"
  resolved "http://r.npm.sankuai.com/@radix-ui/react-tooltip/download/@radix-ui/react-tooltip-1.2.8.tgz"
  integrity sha1-P1AmfiW8z8niC7MDa/2atMLDDCw=
  dependencies:
    "@radix-ui/primitive" "1.1.3"
    "@radix-ui/react-compose-refs" "1.1.2"
    "@radix-ui/react-context" "1.1.2"
    "@radix-ui/react-dismissable-layer" "1.1.11"
    "@radix-ui/react-id" "1.1.1"
    "@radix-ui/react-popper" "1.2.8"
    "@radix-ui/react-portal" "1.1.9"
    "@radix-ui/react-presence" "1.1.5"
    "@radix-ui/react-primitive" "2.1.3"
    "@radix-ui/react-slot" "1.2.3"
    "@radix-ui/react-use-controllable-state" "1.2.2"
    "@radix-ui/react-visually-hidden" "1.2.3"

"@radix-ui/react-use-callback-ref@1.1.1":
  version "1.1.1"
  resolved "http://r.npm.sankuai.com/@radix-ui/react-use-callback-ref/download/@radix-ui/react-use-callback-ref-1.1.1.tgz"
  integrity sha1-YqTbqLMlX9xcx3h/rqwcbkzFjUA=

"@radix-ui/react-use-controllable-state@1.2.2":
  version "1.2.2"
  resolved "http://r.npm.sankuai.com/@radix-ui/react-use-controllable-state/download/@radix-ui/react-use-controllable-state-1.2.2.tgz"
  integrity sha1-kFeTQF3lfWGkOfSv67sX0GRfMZA=
  dependencies:
    "@radix-ui/react-use-effect-event" "0.0.2"
    "@radix-ui/react-use-layout-effect" "1.1.1"

"@radix-ui/react-use-effect-event@0.0.2":
  version "0.0.2"
  resolved "http://r.npm.sankuai.com/@radix-ui/react-use-effect-event/download/@radix-ui/react-use-effect-event-0.0.2.tgz"
  integrity sha1-CQzzDQCkx2MqFVSFEukVIhdZOQc=
  dependencies:
    "@radix-ui/react-use-layout-effect" "1.1.1"

"@radix-ui/react-use-escape-keydown@1.1.1":
  version "1.1.1"
  resolved "http://r.npm.sankuai.com/@radix-ui/react-use-escape-keydown/download/@radix-ui/react-use-escape-keydown-1.1.1.tgz"
  integrity sha1-s/7Zu+o2ahGPQEJ6xAUAqhQjzCk=
  dependencies:
    "@radix-ui/react-use-callback-ref" "1.1.1"

"@radix-ui/react-use-layout-effect@1.1.1":
  version "1.1.1"
  resolved "http://r.npm.sankuai.com/@radix-ui/react-use-layout-effect/download/@radix-ui/react-use-layout-effect-1.1.1.tgz"
  integrity sha1-DEIwqe7UnUWJyWfi2cDZ1gojlx4=

"@radix-ui/react-use-rect@1.1.1":
  version "1.1.1"
  resolved "http://r.npm.sankuai.com/@radix-ui/react-use-rect/download/@radix-ui/react-use-rect-1.1.1.tgz"
  integrity sha1-AUQ8qO0HHTMCPBET5Rc7Xth2kVI=
  dependencies:
    "@radix-ui/rect" "1.1.1"

"@radix-ui/react-use-size@1.1.1":
  version "1.1.1"
  resolved "http://r.npm.sankuai.com/@radix-ui/react-use-size/download/@radix-ui/react-use-size-1.1.1.tgz"
  integrity sha1-beJ2/7w4mlN//kMW9bDyQSlAWzc=
  dependencies:
    "@radix-ui/react-use-layout-effect" "1.1.1"

"@radix-ui/react-visually-hidden@1.2.3":
  version "1.2.3"
  resolved "http://r.npm.sankuai.com/@radix-ui/react-visually-hidden/download/@radix-ui/react-visually-hidden-1.2.3.tgz"
  integrity sha1-qMOMhgdzXcnwXDL4erD5wrEJ778=
  dependencies:
    "@radix-ui/react-primitive" "2.1.3"

"@radix-ui/rect@1.1.1":
  version "1.1.1"
  resolved "http://r.npm.sankuai.com/@radix-ui/rect/download/@radix-ui/rect-1.1.1.tgz"
  integrity sha1-eCRO/hKTDFb9JV15I4ZYV8QayMs=

"@swc/counter@0.1.3":
  version "0.1.3"
  resolved "http://r.npm.sankuai.com/@swc/counter/download/@swc/counter-0.1.3.tgz"
  integrity sha1-zHRjvQKUlhHGMpWW/M0rDseCsOk=

"@swc/helpers@0.5.15":
  version "0.5.15"
  resolved "http://r.npm.sankuai.com/@swc/helpers/download/@swc/helpers-0.5.15.tgz"
  integrity sha1-ee+rNExYGez4OkPz+fgR/IS1Ftc=
  dependencies:
    tslib "^2.8.0"

ansi-regex@^5.0.1:
  version "5.0.1"
  resolved "http://r.npm.sankuai.com/ansi-regex/download/ansi-regex-5.0.1.tgz"
  integrity sha1-CCyyyJyf6GWaMRpTvWpNxTAdswQ=

ansi-regex@^6.0.1:
  version "6.2.0"
  resolved "http://r.npm.sankuai.com/ansi-regex/download/ansi-regex-6.2.0.tgz"
  integrity sha1-LzAudVBDGxt3YnBf/7Us8f+iBEc=

ansi-styles@^4.0.0:
  version "4.3.0"
  resolved "http://r.npm.sankuai.com/ansi-styles/download/ansi-styles-4.3.0.tgz"
  integrity sha1-7dgDYornHATIWuegkG7a00tkiTc=
  dependencies:
    color-convert "^2.0.1"

ansi-styles@^6.1.0:
  version "6.2.1"
  resolved "http://r.npm.sankuai.com/ansi-styles/download/ansi-styles-6.2.1.tgz"
  integrity sha1-DmIyDPmcIa//OzASGSVGqsv7BcU=

any-promise@^1.0.0:
  version "1.3.0"
  resolved "http://r.npm.sankuai.com/any-promise/download/any-promise-1.3.0.tgz"
  integrity sha1-q8av7tzqUugJzcA3au0845Y10X8=

anymatch@~3.1.2:
  version "3.1.3"
  resolved "http://r.npm.sankuai.com/anymatch/download/anymatch-3.1.3.tgz"
  integrity sha1-eQxYsZuhcgqEIFtXxhjVrYUklz4=
  dependencies:
    normalize-path "^3.0.0"
    picomatch "^2.0.4"

arg@^5.0.2:
  version "5.0.2"
  resolved "http://r.npm.sankuai.com/arg/download/arg-5.0.2.tgz"
  integrity sha1-yBQzzEJ8ksTc9IZRQtvKbxWs1Zw=

autoprefixer@10.4.16:
  version "10.4.16"
  resolved "http://r.npm.sankuai.com/autoprefixer/download/autoprefixer-10.4.16.tgz"
  integrity sha1-+tFBECTYZwiAvezjlwqnLjVy/rg=
  dependencies:
    browserslist "^4.21.10"
    caniuse-lite "^1.0.30001538"
    fraction.js "^4.3.6"
    normalize-range "^0.1.2"
    picocolors "^1.0.0"
    postcss-value-parser "^4.2.0"

balanced-match@^1.0.0:
  version "1.0.2"
  resolved "http://r.npm.sankuai.com/balanced-match/download/balanced-match-1.0.2.tgz"
  integrity sha1-6D46fj8wCzTLnYf2FfoMvzV2kO4=

binary-extensions@^2.0.0:
  version "2.3.0"
  resolved "http://r.npm.sankuai.com/binary-extensions/download/binary-extensions-2.3.0.tgz"
  integrity sha1-9uFKl4WNMnJSIAJC1Mz+UixEVSI=

brace-expansion@^2.0.1:
  version "2.0.2"
  resolved "http://r.npm.sankuai.com/brace-expansion/download/brace-expansion-2.0.2.tgz"
  integrity sha1-VPxTI3phPYVMe9N0Y6rRffhyFOc=
  dependencies:
    balanced-match "^1.0.0"

braces@^3.0.3, braces@~3.0.2:
  version "3.0.3"
  resolved "http://r.npm.sankuai.com/braces/download/braces-3.0.3.tgz"
  integrity sha1-SQMy9AkZRSJy1VqEgK3AxEE1h4k=
  dependencies:
    fill-range "^7.1.1"

browserslist@^4.21.10:
  version "4.25.4"
  resolved "http://r.npm.sankuai.com/browserslist/download/browserslist-4.25.4.tgz"
  integrity sha1-690OHRzzkRg0urOmzXuRfZur9a8=
  dependencies:
    caniuse-lite "^1.0.30001737"
    electron-to-chromium "^1.5.211"
    node-releases "^2.0.19"
    update-browserslist-db "^1.1.3"

busboy@1.6.0:
  version "1.6.0"
  resolved "http://r.npm.sankuai.com/busboy/download/busboy-1.6.0.tgz"
  integrity sha1-lm6japUC5DzbkUaWJSO5L1MfaJM=
  dependencies:
    streamsearch "^1.1.0"

camelcase-css@^2.0.1:
  version "2.0.1"
  resolved "http://r.npm.sankuai.com/camelcase-css/download/camelcase-css-2.0.1.tgz"
  integrity sha1-7pePaUeRTMMMa0R0G27R338EP9U=

caniuse-lite@^1.0.30001538, caniuse-lite@^1.0.30001579, caniuse-lite@^1.0.30001737:
  version "1.0.30001741"
  resolved "http://r.npm.sankuai.com/caniuse-lite/download/caniuse-lite-1.0.30001741.tgz"
  integrity sha1-Z/uSlT7cU2RC88nadDIHdKpSMUM=

chokidar@^3.5.3:
  version "3.6.0"
  resolved "http://r.npm.sankuai.com/chokidar/download/chokidar-3.6.0.tgz"
  integrity sha1-GXxsxmnvKo3F57TZfuTgksPrDVs=
  dependencies:
    anymatch "~3.1.2"
    braces "~3.0.2"
    glob-parent "~5.1.2"
    is-binary-path "~2.1.0"
    is-glob "~4.0.1"
    normalize-path "~3.0.0"
    readdirp "~3.6.0"
  optionalDependencies:
    fsevents "~2.3.2"

client-only@0.0.1:
  version "0.0.1"
  resolved "http://r.npm.sankuai.com/client-only/download/client-only-0.0.1.tgz"
  integrity sha1-OLul1APEGrFQv/ZKlchQE89zvKE=

clsx@2.1.1:
  version "2.1.1"
  resolved "http://r.npm.sankuai.com/clsx/download/clsx-2.1.1.tgz"
  integrity sha1-7tOXyf2L2IK/sY3qtxAgSaLzKZk=

color-convert@^2.0.1:
  version "2.0.1"
  resolved "http://r.npm.sankuai.com/color-convert/download/color-convert-2.0.1.tgz"
  integrity sha1-ctOmjVmMm9s68q0ehPIdiWq9TeM=
  dependencies:
    color-name "~1.1.4"

color-name@^1.0.0, color-name@~1.1.4:
  version "1.1.4"
  resolved "http://r.npm.sankuai.com/color-name/download/color-name-1.1.4.tgz"
  integrity sha1-wqCah6y95pVD3m9j+jmVyCbFNqI=

color-string@^1.9.0:
  version "1.9.1"
  resolved "http://r.npm.sankuai.com/color-string/download/color-string-1.9.1.tgz"
  integrity sha1-RGf5FG8Db4Vbdk37W/hYK/NCx6Q=
  dependencies:
    color-name "^1.0.0"
    simple-swizzle "^0.2.2"

color@^4.2.3:
  version "4.2.3"
  resolved "http://r.npm.sankuai.com/color/download/color-4.2.3.tgz"
  integrity sha1-14HsteVyJO5D6pYnVgEHwODGRjo=
  dependencies:
    color-convert "^2.0.1"
    color-string "^1.9.0"

commander@^4.0.0:
  version "4.1.1"
  resolved "http://r.npm.sankuai.com/commander/download/commander-4.1.1.tgz"
  integrity sha1-n9YCvZNilOnp70aj9NaWQESxgGg=

cross-spawn@^7.0.6:
  version "7.0.6"
  resolved "http://r.npm.sankuai.com/cross-spawn/download/cross-spawn-7.0.6.tgz"
  integrity sha1-ilj+ePANzXDDcEUXWd+/rwPo7p8=
  dependencies:
    path-key "^3.1.0"
    shebang-command "^2.0.0"
    which "^2.0.1"

cssesc@^3.0.0:
  version "3.0.0"
  resolved "http://r.npm.sankuai.com/cssesc/download/cssesc-3.0.0.tgz"
  integrity sha1-N3QZGZA7hoVl4cCep0dEXNGJg+4=

detect-libc@^2.0.4:
  version "2.0.4"
  resolved "http://r.npm.sankuai.com/detect-libc/download/detect-libc-2.0.4.tgz"
  integrity sha1-8EcVuLqBXlO02BCWVbZQimhlp+g=

didyoumean@^1.2.2:
  version "1.2.2"
  resolved "http://r.npm.sankuai.com/didyoumean/download/didyoumean-1.2.2.tgz"
  integrity sha1-mJNG/+noObRVXs9WZu3qDT6K0Dc=

dlv@^1.1.3:
  version "1.1.3"
  resolved "http://r.npm.sankuai.com/dlv/download/dlv-1.1.3.tgz"
  integrity sha1-XBmKihFFNZbnUUlNSYdLx3MvLnk=

eastasianwidth@^0.2.0:
  version "0.2.0"
  resolved "http://r.npm.sankuai.com/eastasianwidth/download/eastasianwidth-0.2.0.tgz"
  integrity sha1-aWzi7Aqg5uqTo5f/zySqeEDIJ8s=

electron-to-chromium@^1.5.211:
  version "1.5.213"
  resolved "http://r.npm.sankuai.com/electron-to-chromium/download/electron-to-chromium-1.5.213.tgz"
  integrity sha1-9DQYfyJ/t+Z7/PgkO5Wc884UAT4=

emoji-regex@^8.0.0:
  version "8.0.0"
  resolved "http://r.npm.sankuai.com/emoji-regex/download/emoji-regex-8.0.0.tgz"
  integrity sha1-6Bj9ac5cz8tARZT4QpY79TFkzDc=

emoji-regex@^9.2.2:
  version "9.2.2"
  resolved "http://r.npm.sankuai.com/emoji-regex/download/emoji-regex-9.2.2.tgz"
  integrity sha1-hAyIA7DYBH9P8M+WMXazLU7z7XI=

escalade@^3.2.0:
  version "3.2.0"
  resolved "http://r.npm.sankuai.com/escalade/download/escalade-3.2.0.tgz"
  integrity sha1-ARo/aYVroYnf+n3I/M6Z0qh5A+U=

fast-glob@^3.3.0:
  version "3.3.3"
  resolved "http://r.npm.sankuai.com/fast-glob/download/fast-glob-3.3.3.tgz"
  integrity sha1-0G1YXOjbqQoWsFBcVDw8z7OuuBg=
  dependencies:
    "@nodelib/fs.stat" "^2.0.2"
    "@nodelib/fs.walk" "^1.2.3"
    glob-parent "^5.1.2"
    merge2 "^1.3.0"
    micromatch "^4.0.8"

fastq@^1.6.0:
  version "1.19.1"
  resolved "http://r.npm.sankuai.com/fastq/download/fastq-1.19.1.tgz"
  integrity sha1-1Q6rqAPIhGqIPBZJKCHrzSzaVfU=
  dependencies:
    reusify "^1.0.4"

fill-range@^7.1.1:
  version "7.1.1"
  resolved "http://r.npm.sankuai.com/fill-range/download/fill-range-7.1.1.tgz"
  integrity sha1-RCZdPKwH4+p9wkdRY4BkN1SgUpI=
  dependencies:
    to-regex-range "^5.0.1"

foreground-child@^3.1.0:
  version "3.3.1"
  resolved "http://r.npm.sankuai.com/foreground-child/download/foreground-child-3.3.1.tgz"
  integrity sha1-Mujp7Rtoo0l777msK2rfkqY4V28=
  dependencies:
    cross-spawn "^7.0.6"
    signal-exit "^4.0.1"

fraction.js@^4.3.6:
  version "4.3.7"
  resolved "http://r.npm.sankuai.com/fraction.js/download/fraction.js-4.3.7.tgz"
  integrity sha1-BsoAhRV+Qv2n+ecm55/vxAaIQPc=

fsevents@~2.3.2:
  version "2.3.3"
  resolved "http://r.npm.sankuai.com/fsevents/download/fsevents-2.3.3.tgz"
  integrity sha1-ysZAd4XQNnWipeGlMFxpezR9kNY=

function-bind@^1.1.2:
  version "1.1.2"
  resolved "http://r.npm.sankuai.com/function-bind/download/function-bind-1.1.2.tgz"
  integrity sha1-LALYZNl/PqbIgwxGTL0Rq26rehw=

glob-parent@^5.1.2:
  version "5.1.2"
  resolved "http://r.npm.sankuai.com/glob-parent/download/glob-parent-5.1.2.tgz"
  integrity sha1-hpgyxYA0/mikCTwX3BXoNA2EAcQ=
  dependencies:
    is-glob "^4.0.1"

glob-parent@^6.0.2:
  version "6.0.2"
  resolved "http://r.npm.sankuai.com/glob-parent/download/glob-parent-6.0.2.tgz"
  integrity sha1-bSN9mQg5UMeSkPJMdkKj3poo+eM=
  dependencies:
    is-glob "^4.0.3"

glob-parent@~5.1.2:
  version "5.1.2"
  resolved "http://r.npm.sankuai.com/glob-parent/download/glob-parent-5.1.2.tgz"
  integrity sha1-hpgyxYA0/mikCTwX3BXoNA2EAcQ=
  dependencies:
    is-glob "^4.0.1"

glob@^10.3.10:
  version "10.4.5"
  resolved "http://r.npm.sankuai.com/glob/download/glob-10.4.5.tgz"
  integrity sha1-9NnwuQ/9urCcnXf18ptCYlF7CVY=
  dependencies:
    foreground-child "^3.1.0"
    jackspeak "^3.1.2"
    minimatch "^9.0.4"
    minipass "^7.1.2"
    package-json-from-dist "^1.0.0"
    path-scurry "^1.11.1"

gsap@3.13.0:
  version "3.13.0"
  resolved "http://r.npm.sankuai.com/gsap/download/gsap-3.13.0.tgz"
  integrity sha1-WX1OAZortId4U4fZEpat6/ktud0=

hasown@^2.0.2:
  version "2.0.2"
  resolved "http://r.npm.sankuai.com/hasown/download/hasown-2.0.2.tgz"
  integrity sha1-AD6vkb563DcuhOxZ3DclLO24AAM=
  dependencies:
    function-bind "^1.1.2"

is-arrayish@^0.3.1:
  version "0.3.2"
  resolved "http://r.npm.sankuai.com/is-arrayish/download/is-arrayish-0.3.2.tgz"
  integrity sha1-RXSirlb3qyBolvtDHq7tBm/fjwM=

is-binary-path@~2.1.0:
  version "2.1.0"
  resolved "http://r.npm.sankuai.com/is-binary-path/download/is-binary-path-2.1.0.tgz"
  integrity sha1-6h9/O4DwZCNug0cPhsCcJU+0Wwk=
  dependencies:
    binary-extensions "^2.0.0"

is-core-module@^2.16.0:
  version "2.16.1"
  resolved "http://r.npm.sankuai.com/is-core-module/download/is-core-module-2.16.1.tgz"
  integrity sha1-KpiAGoSfQ+Kt1kT7trxiKbGaTvQ=
  dependencies:
    hasown "^2.0.2"

is-extglob@^2.1.1:
  version "2.1.1"
  resolved "http://r.npm.sankuai.com/is-extglob/download/is-extglob-2.1.1.tgz"
  integrity sha1-qIwCU1eR8C7TfHahueqXc8gz+MI=

is-fullwidth-code-point@^3.0.0:
  version "3.0.0"
  resolved "http://r.npm.sankuai.com/is-fullwidth-code-point/download/is-fullwidth-code-point-3.0.0.tgz"
  integrity sha1-8Rb4Bk/pCz94RKOJl8C3UFEmnx0=

is-glob@^4.0.1, is-glob@^4.0.3, is-glob@~4.0.1:
  version "4.0.3"
  resolved "http://r.npm.sankuai.com/is-glob/download/is-glob-4.0.3.tgz"
  integrity sha1-ZPYeQsu7LuwgcanawLKLoeZdUIQ=
  dependencies:
    is-extglob "^2.1.1"

is-number@^7.0.0:
  version "7.0.0"
  resolved "http://r.npm.sankuai.com/is-number/download/is-number-7.0.0.tgz"
  integrity sha1-dTU0W4lnNNX4DE0GxQlVUnoU8Ss=

isexe@^2.0.0:
  version "2.0.0"
  resolved "http://r.npm.sankuai.com/isexe/download/isexe-2.0.0.tgz"
  integrity sha1-6PvzdNxVb/iUehDcsFctYz8s+hA=

jackspeak@^3.1.2:
  version "3.4.3"
  resolved "http://r.npm.sankuai.com/jackspeak/download/jackspeak-3.4.3.tgz"
  integrity sha1-iDOp2Jq0rN5hiJQr0cU7Y5DtWoo=
  dependencies:
    "@isaacs/cliui" "^8.0.2"
  optionalDependencies:
    "@pkgjs/parseargs" "^0.11.0"

jiti@^1.19.1:
  version "1.21.7"
  resolved "http://r.npm.sankuai.com/jiti/download/jiti-1.21.7.tgz"
  integrity sha1-ndgQQ0JKPShFixk9ll8NGKIwC6k=

"js-tokens@^3.0.0 || ^4.0.0":
  version "4.0.0"
  resolved "http://r.npm.sankuai.com/js-tokens/download/js-tokens-4.0.0.tgz"
  integrity sha1-GSA/tZmR35jjoocFDUZHzerzJJk=

lilconfig@^2.1.0:
  version "2.1.0"
  resolved "http://r.npm.sankuai.com/lilconfig/download/lilconfig-2.1.0.tgz"
  integrity sha1-eOI6yJ67fhv78lsYBD3nVlSOf1I=

lilconfig@^3.0.0:
  version "3.1.3"
  resolved "http://r.npm.sankuai.com/lilconfig/download/lilconfig-3.1.3.tgz"
  integrity sha1-obz9Ylf5WFv1rhTO7rt7VZAl5MQ=

lines-and-columns@^1.1.6:
  version "1.2.4"
  resolved "http://r.npm.sankuai.com/lines-and-columns/download/lines-and-columns-1.2.4.tgz"
  integrity sha1-7KKE910pZQeTCdwK2SVauy68FjI=

loose-envify@^1.1.0:
  version "1.4.0"
  resolved "http://r.npm.sankuai.com/loose-envify/download/loose-envify-1.4.0.tgz"
  integrity sha1-ce5R+nvkyuwaY4OffmgtgTLTDK8=
  dependencies:
    js-tokens "^3.0.0 || ^4.0.0"

lru-cache@^10.2.0:
  version "10.4.3"
  resolved "http://r.npm.sankuai.com/lru-cache/download/lru-cache-10.4.3.tgz"
  integrity sha1-QQ/IoXtw5ZgBPfJXwkRrfzOD8Rk=

merge2@^1.3.0:
  version "1.4.1"
  resolved "http://r.npm.sankuai.com/merge2/download/merge2-1.4.1.tgz"
  integrity sha1-Q2iJL4hekHRVpv19xVwMnUBJkK4=

micromatch@^4.0.5, micromatch@^4.0.8:
  version "4.0.8"
  resolved "http://r.npm.sankuai.com/micromatch/download/micromatch-4.0.8.tgz"
  integrity sha1-1m+hjzpHB2eJMgubGvMr2G2fogI=
  dependencies:
    braces "^3.0.3"
    picomatch "^2.3.1"

minimatch@^9.0.4:
  version "9.0.5"
  resolved "http://r.npm.sankuai.com/minimatch/download/minimatch-9.0.5.tgz"
  integrity sha1-10+d1rV9g9jpjPuCEzsDl4vJKeU=
  dependencies:
    brace-expansion "^2.0.1"

"minipass@^5.0.0 || ^6.0.2 || ^7.0.0", minipass@^7.1.2:
  version "7.1.2"
  resolved "http://r.npm.sankuai.com/minipass/download/minipass-7.1.2.tgz"
  integrity sha1-k6libOXl5mvU24aEnnUV6SNApwc=

mz@^2.7.0:
  version "2.7.0"
  resolved "http://r.npm.sankuai.com/mz/download/mz-2.7.0.tgz"
  integrity sha1-lQCAV6Vsr63CvGPd5/n/aVWUjjI=
  dependencies:
    any-promise "^1.0.0"
    object-assign "^4.0.1"
    thenify-all "^1.0.0"

nanoid@^3.3.6, nanoid@^3.3.7:
  version "3.3.11"
  resolved "http://r.npm.sankuai.com/nanoid/download/nanoid-3.3.11.tgz"
  integrity sha1-T08RLO++MDIC8hmYOBKJNiZtGFs=

next@15.3.3:
  version "15.3.3"
  resolved "http://r.npm.sankuai.com/next/download/next-15.3.3.tgz"
  integrity sha1-kO5zYArxBnlpiRNoJ6ekD2Ha3R8=
  dependencies:
    "@next/env" "15.3.3"
    "@swc/counter" "0.1.3"
    "@swc/helpers" "0.5.15"
    busboy "1.6.0"
    caniuse-lite "^1.0.30001579"
    postcss "8.4.31"
    styled-jsx "5.1.6"
  optionalDependencies:
    "@next/swc-darwin-arm64" "15.3.3"
    "@next/swc-darwin-x64" "15.3.3"
    "@next/swc-linux-arm64-gnu" "15.3.3"
    "@next/swc-linux-arm64-musl" "15.3.3"
    "@next/swc-linux-x64-gnu" "15.3.3"
    "@next/swc-linux-x64-musl" "15.3.3"
    "@next/swc-win32-arm64-msvc" "15.3.3"
    "@next/swc-win32-x64-msvc" "15.3.3"
    sharp "^0.34.1"

node-releases@^2.0.19:
  version "2.0.19"
  resolved "http://r.npm.sankuai.com/node-releases/download/node-releases-2.0.19.tgz"
  integrity sha1-nkRaUpUJUexNF32EOvNwtBHK8xQ=

normalize-path@^3.0.0, normalize-path@~3.0.0:
  version "3.0.0"
  resolved "http://r.npm.sankuai.com/normalize-path/download/normalize-path-3.0.0.tgz"
  integrity sha1-Dc1p/yOhybEf0JeDFmRKA4ghamU=

normalize-range@^0.1.2:
  version "0.1.2"
  resolved "http://r.npm.sankuai.com/normalize-range/download/normalize-range-0.1.2.tgz"
  integrity sha1-LRDAa9/TEuqXd2laTShDlFa3WUI=

object-assign@^4.0.1:
  version "4.1.1"
  resolved "http://r.npm.sankuai.com/object-assign/download/object-assign-4.1.1.tgz"
  integrity sha1-IQmtx5ZYh8/AXLvUQsrIv7s2CGM=

object-hash@^3.0.0:
  version "3.0.0"
  resolved "http://r.npm.sankuai.com/object-hash/download/object-hash-3.0.0.tgz"
  integrity sha1-c/l/dT57r/wOLMnW4HkHl0Ssguk=

package-json-from-dist@^1.0.0:
  version "1.0.1"
  resolved "http://r.npm.sankuai.com/package-json-from-dist/download/package-json-from-dist-1.0.1.tgz"
  integrity sha1-TxRxoBCCeob5TP2bByfjbSZ95QU=

path-key@^3.1.0:
  version "3.1.1"
  resolved "http://r.npm.sankuai.com/path-key/download/path-key-3.1.1.tgz"
  integrity sha1-WB9q3mWMu6ZaDTOA3ndTKVBU83U=

path-parse@^1.0.7:
  version "1.0.7"
  resolved "http://r.npm.sankuai.com/path-parse/download/path-parse-1.0.7.tgz"
  integrity sha1-+8EUtgykKzDZ2vWFjkvWi77bZzU=

path-scurry@^1.11.1:
  version "1.11.1"
  resolved "http://r.npm.sankuai.com/path-scurry/download/path-scurry-1.11.1.tgz"
  integrity sha1-eWCmaIiFlKByCxKpEdGnQqufEdI=
  dependencies:
    lru-cache "^10.2.0"
    minipass "^5.0.0 || ^6.0.2 || ^7.0.0"

picocolors@^1.0.0, picocolors@^1.1.1:
  version "1.1.1"
  resolved "http://r.npm.sankuai.com/picocolors/download/picocolors-1.1.1.tgz"
  integrity sha1-PTIa8+q5ObCDyPkpodEs2oHCa2s=

picomatch@^2.0.4, picomatch@^2.2.1, picomatch@^2.3.1:
  version "2.3.1"
  resolved "http://r.npm.sankuai.com/picomatch/download/picomatch-2.3.1.tgz"
  integrity sha1-O6ODNzNkbZ0+SZWUbBNlpn+wekI=

pify@^2.3.0:
  version "2.3.0"
  resolved "http://r.npm.sankuai.com/pify/download/pify-2.3.0.tgz"
  integrity sha1-7RQaasBDqEnqWISY59yosVMw6Qw=

pirates@^4.0.1:
  version "4.0.7"
  resolved "http://r.npm.sankuai.com/pirates/download/pirates-4.0.7.tgz"
  integrity sha1-ZDtKGMQlfIplEEtz8wSc6aChXiI=

postcss-import@^15.1.0:
  version "15.1.0"
  resolved "http://r.npm.sankuai.com/postcss-import/download/postcss-import-15.1.0.tgz"
  integrity sha1-QcZO2MwOI3NalpizJJ/9v3BK3HA=
  dependencies:
    postcss-value-parser "^4.0.0"
    read-cache "^1.0.0"
    resolve "^1.1.7"

postcss-js@^4.0.1:
  version "4.0.1"
  resolved "http://r.npm.sankuai.com/postcss-js/download/postcss-js-4.0.1.tgz"
  integrity sha1-YVmBhvNwO6sFLxxPfYBfOZG+6dI=
  dependencies:
    camelcase-css "^2.0.1"

postcss-load-config@^4.0.1:
  version "4.0.2"
  resolved "http://r.npm.sankuai.com/postcss-load-config/download/postcss-load-config-4.0.2.tgz"
  integrity sha1-cVnc9iYRjTPimfSF1q/kr/fEo+M=
  dependencies:
    lilconfig "^3.0.0"
    yaml "^2.3.4"

postcss-nested@^6.0.1:
  version "6.2.0"
  resolved "http://r.npm.sankuai.com/postcss-nested/download/postcss-nested-6.2.0.tgz"
  integrity sha1-TC0iq18gucth4sXFkVlQeE0GgTE=
  dependencies:
    postcss-selector-parser "^6.1.1"

postcss-selector-parser@^6.0.11, postcss-selector-parser@^6.1.1:
  version "6.1.2"
  resolved "http://r.npm.sankuai.com/postcss-selector-parser/download/postcss-selector-parser-6.1.2.tgz"
  integrity sha1-J+y0H7Djtrp6HshP/zR/c0x5Kd4=
  dependencies:
    cssesc "^3.0.0"
    util-deprecate "^1.0.2"

postcss-value-parser@^4.0.0, postcss-value-parser@^4.2.0:
  version "4.2.0"
  resolved "http://r.npm.sankuai.com/postcss-value-parser/download/postcss-value-parser-4.2.0.tgz"
  integrity sha1-cjwJkgg2um0+WvAZ+SvAlxwC5RQ=

postcss@^8.4.23, postcss@8.4.32:
  version "8.4.32"
  resolved "http://r.npm.sankuai.com/postcss/download/postcss-8.4.32.tgz"
  integrity sha1-HaxqxRqxmtshuLNP0tk6hkQO9sk=
  dependencies:
    nanoid "^3.3.7"
    picocolors "^1.0.0"
    source-map-js "^1.0.2"

postcss@8.4.31:
  version "8.4.31"
  resolved "http://r.npm.sankuai.com/postcss/download/postcss-8.4.31.tgz"
  integrity sha1-krRRBQqfkU2mdVrzUr3AGSUIZW0=
  dependencies:
    nanoid "^3.3.6"
    picocolors "^1.0.0"
    source-map-js "^1.0.2"

queue-microtask@^1.2.2:
  version "1.2.3"
  resolved "http://r.npm.sankuai.com/queue-microtask/download/queue-microtask-1.2.3.tgz"
  integrity sha1-SSkii7xyTfrEPg77BYyve2z7YkM=

react-dom@18.3.1:
  version "18.3.1"
  resolved "http://r.npm.sankuai.com/react-dom/download/react-dom-18.3.1.tgz"
  integrity sha1-wiZdeVEbV9R5s90/36UVNklMXLQ=
  dependencies:
    loose-envify "^1.1.0"
    scheduler "^0.23.2"

react@18.3.1:
  version "18.3.1"
  resolved "http://r.npm.sankuai.com/react/download/react-18.3.1.tgz"
  integrity sha1-SauJIAnFOTNiW9FrJTP8dUyrKJE=
  dependencies:
    loose-envify "^1.1.0"

read-cache@^1.0.0:
  version "1.0.0"
  resolved "http://r.npm.sankuai.com/read-cache/download/read-cache-1.0.0.tgz"
  integrity sha1-5mTvMRYRZsl1HNvo28+GtftY93Q=
  dependencies:
    pify "^2.3.0"

readdirp@~3.6.0:
  version "3.6.0"
  resolved "http://r.npm.sankuai.com/readdirp/download/readdirp-3.6.0.tgz"
  integrity sha1-dKNwvYVxFuJFspzJc0DNQxoCpsc=
  dependencies:
    picomatch "^2.2.1"

resolve@^1.1.7, resolve@^1.22.2:
  version "1.22.10"
  resolved "http://r.npm.sankuai.com/resolve/download/resolve-1.22.10.tgz"
  integrity sha1-tmPoP/sJu/I4aURza6roAwKbizk=
  dependencies:
    is-core-module "^2.16.0"
    path-parse "^1.0.7"
    supports-preserve-symlinks-flag "^1.0.0"

reusify@^1.0.4:
  version "1.1.0"
  resolved "http://r.npm.sankuai.com/reusify/download/reusify-1.1.0.tgz"
  integrity sha1-D+E7lSLhRz9RtVjueW4I8R+bSJ8=

run-parallel@^1.1.9:
  version "1.2.0"
  resolved "http://r.npm.sankuai.com/run-parallel/download/run-parallel-1.2.0.tgz"
  integrity sha1-ZtE2jae9+SHrnZW9GpIp5/IaQ+4=
  dependencies:
    queue-microtask "^1.2.2"

scheduler@^0.23.2:
  version "0.23.2"
  resolved "http://r.npm.sankuai.com/scheduler/download/scheduler-0.23.2.tgz"
  integrity sha1-QUumSjsoKJLpRM8hCOzAeNEVzcM=
  dependencies:
    loose-envify "^1.1.0"

semver@^7.7.2:
  version "7.7.2"
  resolved "http://r.npm.sankuai.com/semver/download/semver-7.7.2.tgz"
  integrity sha1-Z9mf3NNc7CHm+Lh6f9UVoz+YK1g=

sharp@^0.34.1:
  version "0.34.3"
  resolved "http://r.npm.sankuai.com/sharp/download/sharp-0.34.3.tgz"
  integrity sha1-EKA7zRX7cvFjVUYa8LkkXMuKXaM=
  dependencies:
    color "^4.2.3"
    detect-libc "^2.0.4"
    semver "^7.7.2"
  optionalDependencies:
    "@img/sharp-darwin-arm64" "0.34.3"
    "@img/sharp-darwin-x64" "0.34.3"
    "@img/sharp-libvips-darwin-arm64" "1.2.0"
    "@img/sharp-libvips-darwin-x64" "1.2.0"
    "@img/sharp-libvips-linux-arm" "1.2.0"
    "@img/sharp-libvips-linux-arm64" "1.2.0"
    "@img/sharp-libvips-linux-ppc64" "1.2.0"
    "@img/sharp-libvips-linux-s390x" "1.2.0"
    "@img/sharp-libvips-linux-x64" "1.2.0"
    "@img/sharp-libvips-linuxmusl-arm64" "1.2.0"
    "@img/sharp-libvips-linuxmusl-x64" "1.2.0"
    "@img/sharp-linux-arm" "0.34.3"
    "@img/sharp-linux-arm64" "0.34.3"
    "@img/sharp-linux-ppc64" "0.34.3"
    "@img/sharp-linux-s390x" "0.34.3"
    "@img/sharp-linux-x64" "0.34.3"
    "@img/sharp-linuxmusl-arm64" "0.34.3"
    "@img/sharp-linuxmusl-x64" "0.34.3"
    "@img/sharp-wasm32" "0.34.3"
    "@img/sharp-win32-arm64" "0.34.3"
    "@img/sharp-win32-ia32" "0.34.3"
    "@img/sharp-win32-x64" "0.34.3"

shebang-command@^2.0.0:
  version "2.0.0"
  resolved "http://r.npm.sankuai.com/shebang-command/download/shebang-command-2.0.0.tgz"
  integrity sha1-zNCvT4g1+9wmW4JGGq8MNmY/NOo=
  dependencies:
    shebang-regex "^3.0.0"

shebang-regex@^3.0.0:
  version "3.0.0"
  resolved "http://r.npm.sankuai.com/shebang-regex/download/shebang-regex-3.0.0.tgz"
  integrity sha1-rhbxZE2HPsrYQ7AwexQzYtTEIXI=

signal-exit@^4.0.1:
  version "4.1.0"
  resolved "http://r.npm.sankuai.com/signal-exit/download/signal-exit-4.1.0.tgz"
  integrity sha1-lSGIwcvVRgcOLdIND0HArgUwywQ=

simple-swizzle@^0.2.2:
  version "0.2.2"
  resolved "http://r.npm.sankuai.com/simple-swizzle/download/simple-swizzle-0.2.2.tgz"
  integrity sha1-pNprY1/8zMoz9w0Xy5JZLeleVXo=
  dependencies:
    is-arrayish "^0.3.1"

source-map-js@^1.0.2:
  version "1.2.1"
  resolved "http://r.npm.sankuai.com/source-map-js/download/source-map-js-1.2.1.tgz"
  integrity sha1-HOVlD93YerwJnto33P8CTCZnrkY=

streamsearch@^1.1.0:
  version "1.1.0"
  resolved "http://r.npm.sankuai.com/streamsearch/download/streamsearch-1.1.0.tgz"
  integrity sha1-QE3R4iR8qUr1VOhBqO8OqiONp2Q=

"string-width-cjs@npm:string-width@^4.2.0":
  version "4.2.3"
  resolved "http://r.npm.sankuai.com/string-width/download/string-width-4.2.3.tgz"
  integrity sha1-JpxxF9J7Ba0uU2gwqOyJXvnG0BA=
  dependencies:
    emoji-regex "^8.0.0"
    is-fullwidth-code-point "^3.0.0"
    strip-ansi "^6.0.1"

string-width@^4.1.0:
  version "4.2.3"
  resolved "http://r.npm.sankuai.com/string-width/download/string-width-4.2.3.tgz"
  integrity sha1-JpxxF9J7Ba0uU2gwqOyJXvnG0BA=
  dependencies:
    emoji-regex "^8.0.0"
    is-fullwidth-code-point "^3.0.0"
    strip-ansi "^6.0.1"

string-width@^5.0.1, string-width@^5.1.2:
  version "5.1.2"
  resolved "http://r.npm.sankuai.com/string-width/download/string-width-5.1.2.tgz"
  integrity sha1-FPja7G2B5yIdKjV+Zoyrc728p5Q=
  dependencies:
    eastasianwidth "^0.2.0"
    emoji-regex "^9.2.2"
    strip-ansi "^7.0.1"

"strip-ansi-cjs@npm:strip-ansi@^6.0.1":
  version "6.0.1"
  resolved "http://r.npm.sankuai.com/strip-ansi/download/strip-ansi-6.0.1.tgz"
  integrity sha1-nibGPTD1NEPpSJSVshBdN7Z6hdk=
  dependencies:
    ansi-regex "^5.0.1"

strip-ansi@^6.0.0, strip-ansi@^6.0.1:
  version "6.0.1"
  resolved "http://r.npm.sankuai.com/strip-ansi/download/strip-ansi-6.0.1.tgz"
  integrity sha1-nibGPTD1NEPpSJSVshBdN7Z6hdk=
  dependencies:
    ansi-regex "^5.0.1"

strip-ansi@^7.0.1:
  version "7.1.0"
  resolved "http://r.npm.sankuai.com/strip-ansi/download/strip-ansi-7.1.0.tgz"
  integrity sha1-1bZWjKaJ2FYTcLBwdoXSJDT6/0U=
  dependencies:
    ansi-regex "^6.0.1"

styled-jsx@5.1.6:
  version "5.1.6"
  resolved "http://r.npm.sankuai.com/styled-jsx/download/styled-jsx-5.1.6.tgz"
  integrity sha1-g7kMB35saoD39eh4HQ8xGy/kFJk=
  dependencies:
    client-only "0.0.1"

sucrase@^3.32.0:
  version "3.35.0"
  resolved "http://r.npm.sankuai.com/sucrase/download/sucrase-3.35.0.tgz"
  integrity sha1-V/F6PX4Zs22JlfBmedEhvpFK4mM=
  dependencies:
    "@jridgewell/gen-mapping" "^0.3.2"
    commander "^4.0.0"
    glob "^10.3.10"
    lines-and-columns "^1.1.6"
    mz "^2.7.0"
    pirates "^4.0.1"
    ts-interface-checker "^0.1.9"

supports-preserve-symlinks-flag@^1.0.0:
  version "1.0.0"
  resolved "http://r.npm.sankuai.com/supports-preserve-symlinks-flag/download/supports-preserve-symlinks-flag-1.0.0.tgz"
  integrity sha1-btpL00SjyUrqN21MwxvHcxEDngk=

tailwind-merge@3.3.1:
  version "3.3.1"
  resolved "http://r.npm.sankuai.com/tailwind-merge/download/tailwind-merge-3.3.1.tgz"
  integrity sha1-p+fbfHFPYCAxnmJuz7fn2sg5Oks=

tailwindcss@3.4.0:
  version "3.4.0"
  resolved "http://r.npm.sankuai.com/tailwindcss/download/tailwindcss-3.4.0.tgz"
  integrity sha1-BFqcR05ohevQQ2NU5hGnavHHaDk=
  dependencies:
    "@alloc/quick-lru" "^5.2.0"
    arg "^5.0.2"
    chokidar "^3.5.3"
    didyoumean "^1.2.2"
    dlv "^1.1.3"
    fast-glob "^3.3.0"
    glob-parent "^6.0.2"
    is-glob "^4.0.3"
    jiti "^1.19.1"
    lilconfig "^2.1.0"
    micromatch "^4.0.5"
    normalize-path "^3.0.0"
    object-hash "^3.0.0"
    picocolors "^1.0.0"
    postcss "^8.4.23"
    postcss-import "^15.1.0"
    postcss-js "^4.0.1"
    postcss-load-config "^4.0.1"
    postcss-nested "^6.0.1"
    postcss-selector-parser "^6.0.11"
    resolve "^1.22.2"
    sucrase "^3.32.0"

thenify-all@^1.0.0:
  version "1.6.0"
  resolved "http://r.npm.sankuai.com/thenify-all/download/thenify-all-1.6.0.tgz"
  integrity sha1-GhkY1ALY/D+Y+/I02wvMjMEOlyY=
  dependencies:
    thenify ">= 3.1.0 < 4"

"thenify@>= 3.1.0 < 4":
  version "3.3.1"
  resolved "http://r.npm.sankuai.com/thenify/download/thenify-3.3.1.tgz"
  integrity sha1-iTLmhqQGYDigFt2eLKRq3Zg4qV8=
  dependencies:
    any-promise "^1.0.0"

to-regex-range@^5.0.1:
  version "5.0.1"
  resolved "http://r.npm.sankuai.com/to-regex-range/download/to-regex-range-5.0.1.tgz"
  integrity sha1-FkjESq58jZiKMmAY7XL1tN0DkuQ=
  dependencies:
    is-number "^7.0.0"

ts-interface-checker@^0.1.9:
  version "0.1.13"
  resolved "http://r.npm.sankuai.com/ts-interface-checker/download/ts-interface-checker-0.1.13.tgz"
  integrity sha1-eE/T1nlyK8EDsbS4AwvN212yppk=

tslib@^2.8.0:
  version "2.8.1"
  resolved "http://r.npm.sankuai.com/tslib/download/tslib-2.8.1.tgz"
  integrity sha1-YS7+TtI11Wfoq6Xypfq3AoCt6D8=

update-browserslist-db@^1.1.3:
  version "1.1.3"
  resolved "http://r.npm.sankuai.com/update-browserslist-db/download/update-browserslist-db-1.1.3.tgz"
  integrity sha1-NIN33SRSFvnnBg/1CxWht0C3VCA=
  dependencies:
    escalade "^3.2.0"
    picocolors "^1.1.1"

util-deprecate@^1.0.2:
  version "1.0.2"
  resolved "http://r.npm.sankuai.com/util-deprecate/download/util-deprecate-1.0.2.tgz"
  integrity sha1-RQ1Nyfpw3nMnYvvS1KKJgUGaDM8=

which@^2.0.1:
  version "2.0.2"
  resolved "http://r.npm.sankuai.com/which/download/which-2.0.2.tgz"
  integrity sha1-fGqN0KY2oDJ+ELWckobu6T8/UbE=
  dependencies:
    isexe "^2.0.0"

"wrap-ansi-cjs@npm:wrap-ansi@^7.0.0":
  version "7.0.0"
  resolved "http://r.npm.sankuai.com/wrap-ansi/download/wrap-ansi-7.0.0.tgz"
  integrity sha1-Z+FFz/UQpqaYS98RUpEdadLrnkM=
  dependencies:
    ansi-styles "^4.0.0"
    string-width "^4.1.0"
    strip-ansi "^6.0.0"

wrap-ansi@^8.1.0:
  version "8.1.0"
  resolved "http://r.npm.sankuai.com/wrap-ansi/download/wrap-ansi-8.1.0.tgz"
  integrity sha1-VtwiNo7lcPrOG0mBmXXZuaXq0hQ=
  dependencies:
    ansi-styles "^6.1.0"
    string-width "^5.0.1"
    strip-ansi "^7.0.1"

yaml@^2.3.4:
  version "2.8.1"
  resolved "http://r.npm.sankuai.com/yaml/download/yaml-2.8.1.tgz"
  integrity sha1-GHCqArYx9+gyi5P4vFdPrF1sTXk=
